<?xml version="1.0" encoding="utf-8"?>
<Project ToolsVersion="4.0" xmlns="http://schemas.microsoft.com/developer/msbuild/2003">
  <ItemGroup>
    <Filter Include="src">
      <UniqueIdentifier>{4FC737F1-C7A5-4376-A066-2A32D752A2FF}</UniqueIdentifier>
      <Extensions>cpp;c;cc;cxx;c++;cppm;ixx;def;odl;idl;hpj;bat;asm;asmx</Extensions>
    </Filter>
    <Filter Include="Assignment2Includes">
      <UniqueIdentifier>{25e320c8-389d-48bb-9337-f6e6033b3ea2}</UniqueIdentifier>
    </Filter>
  </ItemGroup>
  <ItemGroup>
    <ClCompile Include="src\main.cpp">
      <Filter>src</Filter>
    </ClCompile>
    <ClCompile Include="src\Assignment2StudentImpl.cpp">
      <Filter>src</Filter>
    </ClCompile>
  </ItemGroup>
  <ItemGroup>
    <ClInclude Include="src\Assignment2StudentImpl.h">
      <Filter>src</Filter>
    </ClInclude>
    <ClInclude Include="..\..\AssignmentWrapper\Assignment2\include\Assignment2Tests.h">
      <Filter>Assignment2Includes</Filter>
    </ClInclude>
    <ClInclude Include="..\..\AssignmentWrapper\Assignment2\include\IAssignment2.h">
      <Filter>Assignment2Includes</Filter>
    </ClInclude>
    <ClInclude Include="..\..\AssignmentWrapper\Assignment2\include\Vector3.h">
      <Filter>Assignment2Includes</Filter>
    </ClInclude>
  </ItemGroup>
</Project>